<?xml version="1.0" encoding="utf-8"?>
<Project ToolsVersion="4.0" xmlns="http://schemas.microsoft.com/developer/msbuild/2003">
  <ItemGroup>
    <Filter Include="Source Files">
      <UniqueIdentifier>{e6c4f165-1d1a-4cf5-9b1c-3d5d6fd0e379}</UniqueIdentifier>
      <Extensions>cpp;c;cxx;rc;def;r;odl;idl;hpj;bat</Extensions>
    </Filter>
    <Filter Include="Header Files">
      <UniqueIdentifier>{f580f44f-c82a-4b23-b3f6-ea40fa510769}</UniqueIdentifier>
      <Extensions>h;hpp;hxx;hm;inl</Extensions>
    </Filter>
  </ItemGroup>
  <ItemGroup>
    <ClCompile Include="DSVL.cpp">
      <Filter>Source Files</Filter>
    </ClCompile>
    <ClCompile Include="DSVL_GraphManager.cpp">
      <Filter>Source Files</Filter>
    </ClCompile>
    <ClCompile Include="DSVL_Helpers.cpp">
      <Filter>Source Files</Filter>
    </ClCompile>
    <ClCompile Include="DSVL_PixelFormat.cpp">
      <Filter>Source Files</Filter>
    </ClCompile>
  </ItemGroup>
  <ItemGroup>
    <ClInclude Include="DSVL.h">
      <Filter>Header Files</Filter>
    </ClInclude>
    <ClInclude Include="DSVL_GraphManager.h">
      <Filter>Header Files</Filter>
    </ClInclude>
    <ClInclude Include="DSVL_Helpers.h">
      <Filter>Header Files</Filter>
    </ClInclude>
    <ClInclude Include="DSVL_PixelFormat.h">
      <Filter>Header Files</Filter>
    </ClInclude>
    <ClInclude Include="DSVL_PixelFormatTypes.h">
      <Filter>Header Files</Filter>
    </ClInclude>
  </ItemGroup>
  <ItemGroup>
    <None Include="..\LICENSE.txt" />
    <None Include="..\README.txt" />
  </ItemGroup>
</Project>